version = 1
revision = 3
requires-python = ">=3.14"

[[package]]
name = "asgiref"
version = "3.11.0"
source = { registry = "https://pypi.org/simple" }
sdist = { url = "https://files.pythonhosted.org/packages/76/b9/4db2509eabd14b4a8c71d1b24c8d5734c52b8560a7b1e1a8b56c8d25568b/asgiref-3.11.0.tar.gz", hash = "sha256:13acff32519542a1736223fb79a715acdebe24286d98e8b164a73085f40da2c4", size = 37969, upload-time = "2025-11-19T15:32:20.106Z" }
wheels = [
    { url = "https://files.pythonhosted.org/packages/91/be/317c2c55b8bbec407257d45f5c8d1b6867abc76d12043f2d3d58c538a4ea/asgiref-3.11.0-py3-none-any.whl", hash = "sha256:1db9021efadb0d9512ce8ffaf72fcef601c7b73a8807a1bb2ef143dc6b14846d", size = 24096, upload-time = "2025-11-19T15:32:19.004Z" },
]

[[package]]
name = "astroid"
version = "4.0.2"
source = { registry = "https://pypi.org/simple" }
sdist = { url = "https://files.pythonhosted.org/packages/b7/22/97df040e15d964e592d3a180598ace67e91b7c559d8298bdb3c949dc6e42/astroid-4.0.2.tar.gz", hash = "sha256:ac8fb7ca1c08eb9afec91ccc23edbd8ac73bb22cbdd7da1d488d9fb8d6579070", size = 405714, upload-time = "2025-11-09T21:21:18.373Z" }
wheels = [
    { url = "https://files.pythonhosted.org/packages/93/ac/a85b4bfb4cf53221513e27f33cc37ad158fce02ac291d18bee6b49ab477d/astroid-4.0.2-py3-none-any.whl", hash = "sha256:d7546c00a12efc32650b19a2bb66a153883185d3179ab0d4868086f807338b9b", size = 276354, upload-time = "2025-11-09T21:21:16.54Z" },
]

[[package]]
name = "ballgame"
version = "0.1.0"
source = { virtual = "." }
dependencies = [
    { name = "crispy-bootstrap5" },
    { name = "django" },
    { name = "django-feather" },
    { name = "pylint" },
]

[package.metadata]
requires-dist = [
    { name = "crispy-bootstrap5", specifier = ">=2025.6" },
    { name = "django", specifier = ">=6.0" },
    { name = "django-feather", specifier = ">=0.3.0" },
    { name = "pylint", specifier = ">=4.0.4" },
]

[[package]]
name = "colorama"
version = "0.4.6"
source = { registry = "https://pypi.org/simple" }
sdist = { url = "https://files.pythonhosted.org/packages/d8/53/6f443c9a4a8358a93a6792e2acffb9d9d5cb0a5cfd8802644b7b1c9a02e4/colorama-0.4.6.tar.gz", hash = "sha256:08695f5cb7ed6e0531a20572697297273c47b8cae5a63ffc6d6ed5c201be6e44", size = 27697, upload-time = "2022-10-25T02:36:22.414Z" }
wheels = [
    { url = "https://files.pythonhosted.org/packages/d1/d6/3965ed04c63042e047cb6a3e6ed1a63a35087b6a609aa3a15ed8ac56c221/colorama-0.4.6-py2.py3-none-any.whl", hash = "sha256:4f1d9991f5acc0ca119f9d443620b77f9d6b33703e51011c16baf57afb285fc6", size = 25335, upload-time = "2022-10-25T02:36:20.889Z" },
]

[[package]]
name = "crispy-bootstrap5"
version = "2025.6"
source = { registry = "https://pypi.org/simple" }
dependencies = [
    { name = "django" },
    { name = "django-crispy-forms" },
]
sdist = { url = "https://files.pythonhosted.org/packages/97/30/36cc4144b6dff91bb54490a3b474897b7469bcda9517bf9f54681ea91011/crispy_bootstrap5-2025.6.tar.gz", hash = "sha256:f1bde7cac074c650fc82f31777d4a4cfd0df2512c68bc4128f259c75d3daada4", size = 23950, upload-time = "2025-06-08T07:43:35.461Z" }
wheels = [
    { url = "https://files.pythonhosted.org/packages/d8/d4/8cf1ba773a91fc17bab1fd46b75bbdef780c4cccbbb8230e617980a0362c/crispy_bootstrap5-2025.6-py3-none-any.whl", hash = "sha256:a343aa128b4383f35f00295b94de2b10862f2a4f24eda21fa6ead45234c07050", size = 24794, upload-time = "2025-06-08T07:43:34.206Z" },
]

[[package]]
name = "dill"
version = "0.4.0"
source = { registry = "https://pypi.org/simple" }
sdist = { url = "https://files.pythonhosted.org/packages/12/80/630b4b88364e9a8c8c5797f4602d0f76ef820909ee32f0bacb9f90654042/dill-0.4.0.tar.gz", hash = "sha256:0633f1d2df477324f53a895b02c901fb961bdbf65a17122586ea7019292cbcf0", size = 186976, upload-time = "2025-04-16T00:41:48.867Z" }
wheels = [
    { url = "https://files.pythonhosted.org/packages/50/3d/9373ad9c56321fdab5b41197068e1d8c25883b3fea29dd361f9b55116869/dill-0.4.0-py3-none-any.whl", hash = "sha256:44f54bf6412c2c8464c14e8243eb163690a9800dbe2c367330883b19c7561049", size = 119668, upload-time = "2025-04-16T00:41:47.671Z" },
]

[[package]]
name = "django"
version = "6.0"
source = { registry = "https://pypi.org/simple" }
dependencies = [
    { name = "asgiref" },
    { name = "sqlparse" },
    { name = "tzdata", marker = "sys_platform == 'win32'" },
]
sdist = { url = "https://files.pythonhosted.org/packages/15/75/19762bfc4ea556c303d9af8e36f0cd910ab17dff6c8774644314427a2120/django-6.0.tar.gz", hash = "sha256:7b0c1f50c0759bbe6331c6a39c89ae022a84672674aeda908784617ef47d8e26", size = 10932418, upload-time = "2025-12-03T16:26:21.878Z" }
wheels = [
    { url = "https://files.pythonhosted.org/packages/d7/ae/f19e24789a5ad852670d6885f5480f5e5895576945fcc01817dfd9bc002a/django-6.0-py3-none-any.whl", hash = "sha256:1cc2c7344303bbfb7ba5070487c17f7fc0b7174bbb0a38cebf03c675f5f19b6d", size = 8339181, upload-time = "2025-12-03T16:26:16.231Z" },
]

[[package]]
name = "django-crispy-forms"
version = "2.5"
source = { registry = "https://pypi.org/simple" }
dependencies = [
    { name = "django" },
]
sdist = { url = "https://files.pythonhosted.org/packages/79/a1/6a638d13717e4d4f8df169dade0fa51bdc65d9825df39d98ce709a776b49/django_crispy_forms-2.5.tar.gz", hash = "sha256:066e72a8f152a1334f1c811cc37740868efe3265e5a218f79079ef89f848c3d8", size = 1097999, upload-time = "2025-11-06T20:44:01.921Z" }
wheels = [
    { url = "https://files.pythonhosted.org/packages/2c/58/ac3a11950baaf75c1f3242e3af9dfe45201f6ee10c113dd37a9c000876d2/django_crispy_forms-2.5-py3-none-any.whl", hash = "sha256:adc99d5901baca09479c53bf536b3909e80a9f2bb299438a223de4c106ebf1f9", size = 31464, upload-time = "2025-11-06T20:44:00.795Z" },
]

[[package]]
name = "django-feather"
version = "0.3.0"
source = { registry = "https://pypi.org/simple" }
dependencies = [
    { name = "django" },
]
sdist = { url = "https://files.pythonhosted.org/packages/bd/50/4393350d58e5c527bb34096e6f6c4d14c2ff61c23375c01506721de59f53/django-feather-0.3.0.tar.gz", hash = "sha256:ed60fbaed605ee6912a36a7be442d7150e2d48cc46bb40a8d9fc2da162b9c676", size = 8848, upload-time = "2021-05-11T11:19:40.003Z" }
wheels = [
    { url = "https://files.pythonhosted.org/packages/d5/d0/5431b614bf6cb801976217f61d8ff982daa33a5c8ac2bbcead5097ed79f4/django_feather-0.3.0-py3-none-any.whl", hash = "sha256:cc3dcd9f42fa449d947130b31c154df14275edfd2e48909f5ea7f0ec7634badd", size = 21058, upload-time = "2021-05-11T11:19:38.924Z" },
]

[[package]]
name = "isort"
version = "7.0.0"
source = { registry = "https://pypi.org/simple" }
sdist = { url = "https://files.pythonhosted.org/packages/63/53/4f3c058e3bace40282876f9b553343376ee687f3c35a525dc79dbd450f88/isort-7.0.0.tar.gz", hash = "sha256:5513527951aadb3ac4292a41a16cbc50dd1642432f5e8c20057d414bdafb4187", size = 805049, upload-time = "2025-10-11T13:30:59.107Z" }
wheels = [
    { url = "https://files.pythonhosted.org/packages/7f/ed/e3705d6d02b4f7aea715a353c8ce193efd0b5db13e204df895d38734c244/isort-7.0.0-py3-none-any.whl", hash = "sha256:1bcabac8bc3c36c7fb7b98a76c8abb18e0f841a3ba81decac7691008592499c1", size = 94672, upload-time = "2025-10-11T13:30:57.665Z" },
]

[[package]]
name = "mccabe"
version = "0.7.0"
source = { registry = "https://pypi.org/simple" }
sdist = { url = "https://files.pythonhosted.org/packages/e7/ff/0ffefdcac38932a54d2b5eed4e0ba8a408f215002cd178ad1df0f2806ff8/mccabe-0.7.0.tar.gz", hash = "sha256:348e0240c33b60bbdf4e523192ef919f28cb2c3d7d5c7794f74009290f236325", size = 9658, upload-time = "2022-01-24T01:14:51.113Z" }
wheels = [
    { url = "https://files.pythonhosted.org/packages/27/1a/1f68f9ba0c207934b35b86a8ca3aad8395a3d6dd7921c0686e23853ff5a9/mccabe-0.7.0-py2.py3-none-any.whl", hash = "sha256:6c2d30ab6be0e4a46919781807b4f0d834ebdd6c6e3dca0bda5a15f863427b6e", size = 7350, upload-time = "2022-01-24T01:14:49.62Z" },
]

[[package]]
name = "platformdirs"
version = "4.5.1"
source = { registry = "https://pypi.org/simple" }
sdist = { url = "https://files.pythonhosted.org/packages/cf/86/0248f086a84f01b37aaec0fa567b397df1a119f73c16f6c7a9aac73ea309/platformdirs-4.5.1.tar.gz", hash = "sha256:61d5cdcc6065745cdd94f0f878977f8de9437be93de97c1c12f853c9c0cdcbda", size = 21715, upload-time = "2025-12-05T13:52:58.638Z" }
wheels = [
    { url = "https://files.pythonhosted.org/packages/cb/28/3bfe2fa5a7b9c46fe7e13c97bda14c895fb10fa2ebf1d0abb90e0cea7ee1/platformdirs-4.5.1-py3-none-any.whl", hash = "sha256:d03afa3963c806a9bed9d5125c8f4cb2fdaf74a55ab60e5d59b3fde758104d31", size = 18731, upload-time = "2025-12-05T13:52:56.823Z" },
]

[[package]]
name = "pylint"
version = "4.0.4"
source = { registry = "https://pypi.org/simple" }
dependencies = [
    { name = "astroid" },
    { name = "colorama", marker = "sys_platform == 'win32'" },
    { name = "dill" },
    { name = "isort" },
    { name = "mccabe" },
    { name = "platformdirs" },
    { name = "tomlkit" },
]
sdist = { url = "https://files.pythonhosted.org/packages/5a/d2/b081da1a8930d00e3fc06352a1d449aaf815d4982319fab5d8cdb2e9ab35/pylint-4.0.4.tar.gz", hash = "sha256:d9b71674e19b1c36d79265b5887bf8e55278cbe236c9e95d22dc82cf044fdbd2", size = 1571735, upload-time = "2025-11-30T13:29:04.315Z" }
wheels = [
    { url = "https://files.pythonhosted.org/packages/a6/92/d40f5d937517cc489ad848fc4414ecccc7592e4686b9071e09e64f5e378e/pylint-4.0.4-py3-none-any.whl", hash = "sha256:63e06a37d5922555ee2c20963eb42559918c20bd2b21244e4ef426e7c43b92e0", size = 536425, upload-time = "2025-11-30T13:29:02.53Z" },
]

[[package]]
name = "sqlparse"
version = "0.5.5"
source = { registry = "https://pypi.org/simple" }
sdist = { url = "https://files.pythonhosted.org/packages/90/76/437d71068094df0726366574cf3432a4ed754217b436eb7429415cf2d480/sqlparse-0.5.5.tar.gz", hash = "sha256:e20d4a9b0b8585fdf63b10d30066c7c94c5d7a7ec47c889a2d83a3caa93ff28e", size = 120815, upload-time = "2025-12-19T07:17:45.073Z" }
wheels = [
    { url = "https://files.pythonhosted.org/packages/49/4b/359f28a903c13438ef59ebeee215fb25da53066db67b305c125f1c6d2a25/sqlparse-0.5.5-py3-none-any.whl", hash = "sha256:12a08b3bf3eec877c519589833aed092e2444e68240a3577e8e26148acc7b1ba", size = 46138, upload-time = "2025-12-19T07:17:46.573Z" },
]

[[package]]
name = "tomlkit"
version = "0.13.3"
source = { registry = "https://pypi.org/simple" }
sdist = { url = "https://files.pythonhosted.org/packages/cc/18/0bbf3884e9eaa38819ebe46a7bd25dcd56b67434402b66a58c4b8e552575/tomlkit-0.13.3.tar.gz", hash = "sha256:430cf247ee57df2b94ee3fbe588e71d362a941ebb545dec29b53961d61add2a1", size = 185207, upload-time = "2025-06-05T07:13:44.947Z" }
wheels = [
    { url = "https://files.pythonhosted.org/packages/bd/75/8539d011f6be8e29f339c42e633aae3cb73bffa95dd0f9adec09b9c58e85/tomlkit-0.13.3-py3-none-any.whl", hash = "sha256:c89c649d79ee40629a9fda55f8ace8c6a1b42deb912b2a8fd8d942ddadb606b0", size = 38901, upload-time = "2025-06-05T07:13:43.546Z" },
]

[[package]]
name = "tzdata"
version = "2025.3"
source = { registry = "https://pypi.org/simple" }
sdist = { url = "https://files.pythonhosted.org/packages/5e/a7/c202b344c5ca7daf398f3b8a477eeb205cf3b6f32e7ec3a6bac0629ca975/tzdata-2025.3.tar.gz", hash = "sha256:de39c2ca5dc7b0344f2eba86f49d614019d29f060fc4ebc8a417896a620b56a7", size = 196772, upload-time = "2025-12-13T17:45:35.667Z" }
wheels = [
    { url = "https://files.pythonhosted.org/packages/c7/b0/003792df09decd6849a5e39c28b513c06e84436a54440380862b5aeff25d/tzdata-2025.3-py2.py3-none-any.whl", hash = "sha256:06a47e5700f3081aab02b2e513160914ff0694bce9947d6b76ebd6bf57cfc5d1", size = 348521, upload-time = "2025-12-13T17:45:33.889Z" },
]
